
Microsoft Visual Studio Solution File, Format Version 12.00
# Visual Studio Version 17
VisualStudioVersion = 17.14.36414.22 d17.14
MinimumVisualStudioVersion = 10.0.40219.1
Project("{FAE04EC0-301F-11D3-BF4B-00C04F79EFBC}") = "Draw", "Draw.csproj", "{669E780E-51A5-471C-9CA4-25E7707590A9}"
EndProject
Global
	GlobalSection(SolutionConfigurationPlatforms) = preSolution
		Debug|Any CPU = Debug|Any CPU
		Release|Any CPU = Release|Any CPU
	EndGlobalSection
	GlobalSection(ProjectConfigurationPlatforms) = postSolution
		{669E780E-51A5-471C-9CA4-25E7707590A9}.Debug|Any CPU.ActiveCfg = Debug|Any CPU
		{669E780E-51A5-471C-9CA4-25E7707590A9}.Debug|Any CPU.Build.0 = Debug|Any CPU
		{669E780E-51A5-471C-9CA4-25E7707590A9}.Release|Any CPU.ActiveCfg = Release|Any CPU
		{669E780E-51A5-471C-9CA4-25E7707590A9}.Release|Any CPU.Build.0 = Release|Any CPU
	EndGlobalSection
	GlobalSection(SolutionProperties) = preSolution
		HideSolutionNode = FALSE
	EndGlobalSection
	GlobalSection(ExtensibilityGlobals) = postSolution
		SolutionGuid = {F1D8785F-D5E1-4813-93F4-F4F185527C55}
	EndGlobalSection
EndGlobal
