
Microsoft Visual Studio Solution File, Format Version 12.00
# Visual Studio Version 17
VisualStudioVersion = 17.14.36414.22 d17.14
MinimumVisualStudioVersion = 10.0.40219.1
Project("{FAE04EC0-301F-11D3-BF4B-00C04F79EFBC}") = "Less_11_ex_02_graph", "Less_11_ex_02_graph.csproj", "{ECBE0C03-F04B-4C3D-8FAE-988739AA3BFA}"
EndProject
Global
	GlobalSection(SolutionConfigurationPlatforms) = preSolution
		Debug|Any CPU = Debug|Any CPU
		Release|Any CPU = Release|Any CPU
	EndGlobalSection
	GlobalSection(ProjectConfigurationPlatforms) = postSolution
		{ECBE0C03-F04B-4C3D-8FAE-988739AA3BFA}.Debug|Any CPU.ActiveCfg = Debug|Any CPU
		{ECBE0C03-F04B-4C3D-8FAE-988739AA3BFA}.Debug|Any CPU.Build.0 = Debug|Any CPU
		{ECBE0C03-F04B-4C3D-8FAE-988739AA3BFA}.Release|Any CPU.ActiveCfg = Release|Any CPU
		{ECBE0C03-F04B-4C3D-8FAE-988739AA3BFA}.Release|Any CPU.Build.0 = Release|Any CPU
	EndGlobalSection
	GlobalSection(SolutionProperties) = preSolution
		HideSolutionNode = FALSE
	EndGlobalSection
	GlobalSection(ExtensibilityGlobals) = postSolution
		SolutionGuid = {6AEE4EC8-613F-4951-9483-DF83B4D8E959}
	EndGlobalSection
EndGlobal
